{
  "nodes": {
    "fenix": {
      "inputs": {
        "nixpkgs": [
          "nixpkgs"
        ],
        "rust-analyzer-src": "rust-analyzer-src"
      },
      "locked": {
        "lastModified": 1758177713,
        "narHash": "sha256-4Mesi0sOxCzrwnFHeAhL/vv1K1Wcwsl4D9duQ7ndYS8=",
        "owner": "nix-community",
        "repo": "fenix",
        "rev": "60316bdc00603b483992560baa14841e42e58a7b",
        "type": "github"
      },
      "original": {
        "owner": "nix-community",
        "repo": "fenix",
        "type": "github"
      }
    },
    "nixpkgs": {
      "locked": {
        "lastModified": 1758035966,
        "narHash": "sha256-qqIJ3yxPiB0ZQTT9//nFGQYn8X/PBoJbofA7hRKZnmE=",
        "rev": "8d4ddb19d03c65a36ad8d189d001dc32ffb0306b",
        "revCount": 862643,
        "type": "tarball",
        "url": "https://api.flakehub.com/f/pinned/NixOS/nixpkgs/0.1.862643%2Brev-8d4ddb19d03c65a36ad8d189d001dc32ffb0306b/01995b50-95e4-7d71-b9c1-6826ce5699df/source.tar.gz"
      },
      "original": {
        "type": "tarball",
        "url": "https://flakehub.com/f/NixOS/nixpkgs/0.1"
      }
    },
    "root": {
      "inputs": {
        "fenix": "fenix",
        "nixpkgs": "nixpkgs"
      }
    },
    "rust-analyzer-src": {
      "flake": false,
      "locked": {
        "lastModified": 1757362324,
        "narHash": "sha256-/PAhxheUq4WBrW5i/JHzcCqK5fGWwLKdH6/Lu1tyS18=",
        "owner": "rust-lang",
        "repo": "rust-analyzer",
        "rev": "9edc9cbe5d8e832b5864e09854fa94861697d2fd",
        "type": "github"
      },
      "original": {
        "owner": "rust-lang",
        "ref": "nightly",
        "repo": "rust-analyzer",
        "type": "github"
      }
    }
  },
  "root": "root",
  "version": 7
}
